// !$*UTF8*$!
{
	archiveVersion = 1;
	classes = {
	};
	objectVersion = 50;
	objects = {

/* Begin PBXBuildFile section */
		1EDEC30623913EEB00D97778 /* AppDelegate.swift in Sources */ = {isa = PBXBuildFile; fileRef = 1EDEC30523913EEB00D97778 /* AppDelegate.swift */; };
		1EDEC30823913EEB00D97778 /* SceneDelegate.swift in Sources */ = {isa = PBXBuildFile; fileRef = 1EDEC30723913EEB00D97778 /* SceneDelegate.swift */; };
		1EDEC30F23913EEF00D97778 /* Assets.xcassets in Resources */ = {isa = PBXBuildFile; fileRef = 1EDEC30E23913EEF00D97778 /* Assets.xcassets */; };
		1EDEC31223913EEF00D97778 /* LaunchScreen.storyboard in Resources */ = {isa = PBXBuildFile; fileRef = 1EDEC31023913EEF00D97778 /* LaunchScreen.storyboard */; };
		1EDEC31D23913EEF00D97778 /* NostraNewsAPITests.swift in Sources */ = {isa = PBXBuildFile; fileRef = 1EDEC31C23913EEF00D97778 /* NostraNewsAPITests.swift */; };
		1EDEC32823913EEF00D97778 /* NostraNewsAPIUITests.swift in Sources */ = {isa = PBXBuildFile; fileRef = 1EDEC32723913EEF00D97778 /* NostraNewsAPIUITests.swift */; };
		1EDEC33B23913FB400D97778 /* NewsHomeViewController.swift in Sources */ = {isa = PBXBuildFile; fileRef = 1EDEC33923913FB400D97778 /* NewsHomeViewController.swift */; };
		1EDEC33C23913FB400D97778 /* NewsHomeViewController.xib in Resources */ = {isa = PBXBuildFile; fileRef = 1EDEC33A23913FB400D97778 /* NewsHomeViewController.xib */; };
		1EDEC3412391405400D97778 /* NewsHomeViewModel.swift in Sources */ = {isa = PBXBuildFile; fileRef = 1EDEC3402391405400D97778 /* NewsHomeViewModel.swift */; };
		1EDEC3432391408400D97778 /* NetworkService.swift in Sources */ = {isa = PBXBuildFile; fileRef = 1EDEC3422391408400D97778 /* NetworkService.swift */; };
		1EDEC3472395232300D97778 /* Articles.swift in Sources */ = {isa = PBXBuildFile; fileRef = 1EDEC3462395232300D97778 /* Articles.swift */; };
		1EDEC34B2395243600D97778 /* News.swift in Sources */ = {isa = PBXBuildFile; fileRef = 1EDEC34A2395243600D97778 /* News.swift */; };
		1EDEC34D2395252900D97778 /* NewsHomeInteractor.swift in Sources */ = {isa = PBXBuildFile; fileRef = 1EDEC34C2395252900D97778 /* NewsHomeInteractor.swift */; };
		1EDEC34F23953DA300D97778 /* Source.swift in Sources */ = {isa = PBXBuildFile; fileRef = 1EDEC34E23953DA300D97778 /* Source.swift */; };
		1EDEC3532395FF2700D97778 /* NewsTableViewCell.swift in Sources */ = {isa = PBXBuildFile; fileRef = 1EDEC3512395FF2700D97778 /* NewsTableViewCell.swift */; };
		1EDEC3542395FF2700D97778 /* NewsTableViewCell.xib in Resources */ = {isa = PBXBuildFile; fileRef = 1EDEC3522395FF2700D97778 /* NewsTableViewCell.xib */; };
		1EDEC35A2396137B00D97778 /* SDWebImage.framework in Frameworks */ = {isa = PBXBuildFile; fileRef = 1EDEC3582396137A00D97778 /* SDWebImage.framework */; };
		1EDEC35B2396137B00D97778 /* SDWebImage.framework in Embed Frameworks */ = {isa = PBXBuildFile; fileRef = 1EDEC3582396137A00D97778 /* SDWebImage.framework */; settings = {ATTRIBUTES = (CodeSignOnCopy, RemoveHeadersOnCopy, ); }; };
		1EDEC35C2396137B00D97778 /* SDWebImageMapKit.framework in Frameworks */ = {isa = PBXBuildFile; fileRef = 1EDEC3592396137B00D97778 /* SDWebImageMapKit.framework */; };
		1EDEC35D2396137B00D97778 /* SDWebImageMapKit.framework in Embed Frameworks */ = {isa = PBXBuildFile; fileRef = 1EDEC3592396137B00D97778 /* SDWebImageMapKit.framework */; settings = {ATTRIBUTES = (CodeSignOnCopy, RemoveHeadersOnCopy, ); }; };
/* End PBXBuildFile section */

/* Begin PBXContainerItemProxy section */
		1EDEC31923913EEF00D97778 /* PBXContainerItemProxy */ = {
			isa = PBXContainerItemProxy;
			containerPortal = 1EDEC2FA23913EEB00D97778 /* Project object */;
			proxyType = 1;
			remoteGlobalIDString = 1EDEC30123913EEB00D97778;
			remoteInfo = NostraNewsAPI;
		};
		1EDEC32423913EEF00D97778 /* PBXContainerItemProxy */ = {
			isa = PBXContainerItemProxy;
			containerPortal = 1EDEC2FA23913EEB00D97778 /* Project object */;
			proxyType = 1;
			remoteGlobalIDString = 1EDEC30123913EEB00D97778;
			remoteInfo = NostraNewsAPI;
		};
/* End PBXContainerItemProxy section */

/* Begin PBXCopyFilesBuildPhase section */
		1EDEC35E2396137B00D97778 /* Embed Frameworks */ = {
			isa = PBXCopyFilesBuildPhase;
			buildActionMask = 2147483647;
			dstPath = "";
			dstSubfolderSpec = 10;
			files = (
				1EDEC35D2396137B00D97778 /* SDWebImageMapKit.framework in Embed Frameworks */,
				1EDEC35B2396137B00D97778 /* SDWebImage.framework in Embed Frameworks */,
			);
			name = "Embed Frameworks";
			runOnlyForDeploymentPostprocessing = 0;
		};
/* End PBXCopyFilesBuildPhase section */

/* Begin PBXFileReference section */
		1EDEC30223913EEB00D97778 /* NostraNewsAPI.app */ = {isa = PBXFileReference; explicitFileType = wrapper.application; includeInIndex = 0; path = NostraNewsAPI.app; sourceTree = BUILT_PRODUCTS_DIR; };
		1EDEC30523913EEB00D97778 /* AppDelegate.swift */ = {isa = PBXFileReference; lastKnownFileType = sourcecode.swift; path = AppDelegate.swift; sourceTree = "<group>"; };
		1EDEC30723913EEB00D97778 /* SceneDelegate.swift */ = {isa = PBXFileReference; lastKnownFileType = sourcecode.swift; path = SceneDelegate.swift; sourceTree = "<group>"; };
		1EDEC30E23913EEF00D97778 /* Assets.xcassets */ = {isa = PBXFileReference; lastKnownFileType = folder.assetcatalog; path = Assets.xcassets; sourceTree = "<group>"; };
		1EDEC31123913EEF00D97778 /* Base */ = {isa = PBXFileReference; lastKnownFileType = file.storyboard; name = Base; path = Base.lproj/LaunchScreen.storyboard; sourceTree = "<group>"; };
		1EDEC31323913EEF00D97778 /* Info.plist */ = {isa = PBXFileReference; lastKnownFileType = text.plist.xml; path = Info.plist; sourceTree = "<group>"; };
		1EDEC31823913EEF00D97778 /* NostraNewsAPITests.xctest */ = {isa = PBXFileReference; explicitFileType = wrapper.cfbundle; includeInIndex = 0; path = NostraNewsAPITests.xctest; sourceTree = BUILT_PRODUCTS_DIR; };
		1EDEC31C23913EEF00D97778 /* NostraNewsAPITests.swift */ = {isa = PBXFileReference; lastKnownFileType = sourcecode.swift; path = NostraNewsAPITests.swift; sourceTree = "<group>"; };
		1EDEC31E23913EEF00D97778 /* Info.plist */ = {isa = PBXFileReference; lastKnownFileType = text.plist.xml; path = Info.plist; sourceTree = "<group>"; };
		1EDEC32323913EEF00D97778 /* NostraNewsAPIUITests.xctest */ = {isa = PBXFileReference; explicitFileType = wrapper.cfbundle; includeInIndex = 0; path = NostraNewsAPIUITests.xctest; sourceTree = BUILT_PRODUCTS_DIR; };
		1EDEC32723913EEF00D97778 /* NostraNewsAPIUITests.swift */ = {isa = PBXFileReference; lastKnownFileType = sourcecode.swift; path = NostraNewsAPIUITests.swift; sourceTree = "<group>"; };
		1EDEC32923913EEF00D97778 /* Info.plist */ = {isa = PBXFileReference; lastKnownFileType = text.plist.xml; path = Info.plist; sourceTree = "<group>"; };
		1EDEC33923913FB400D97778 /* NewsHomeViewController.swift */ = {isa = PBXFileReference; lastKnownFileType = sourcecode.swift; path = NewsHomeViewController.swift; sourceTree = "<group>"; };
		1EDEC33A23913FB400D97778 /* NewsHomeViewController.xib */ = {isa = PBXFileReference; lastKnownFileType = file.xib; path = NewsHomeViewController.xib; sourceTree = "<group>"; };
		1EDEC3402391405400D97778 /* NewsHomeViewModel.swift */ = {isa = PBXFileReference; lastKnownFileType = sourcecode.swift; path = NewsHomeViewModel.swift; sourceTree = "<group>"; };
		1EDEC3422391408400D97778 /* NetworkService.swift */ = {isa = PBXFileReference; lastKnownFileType = sourcecode.swift; path = NetworkService.swift; sourceTree = "<group>"; };
		1EDEC3462395232300D97778 /* Articles.swift */ = {isa = PBXFileReference; lastKnownFileType = sourcecode.swift; path = Articles.swift; sourceTree = "<group>"; };
		1EDEC34A2395243600D97778 /* News.swift */ = {isa = PBXFileReference; lastKnownFileType = sourcecode.swift; path = News.swift; sourceTree = "<group>"; };
		1EDEC34C2395252900D97778 /* NewsHomeInteractor.swift */ = {isa = PBXFileReference; lastKnownFileType = sourcecode.swift; path = NewsHomeInteractor.swift; sourceTree = "<group>"; };
		1EDEC34E23953DA300D97778 /* Source.swift */ = {isa = PBXFileReference; lastKnownFileType = sourcecode.swift; path = Source.swift; sourceTree = "<group>"; };
		1EDEC3512395FF2700D97778 /* NewsTableViewCell.swift */ = {isa = PBXFileReference; lastKnownFileType = sourcecode.swift; path = NewsTableViewCell.swift; sourceTree = "<group>"; };
		1EDEC3522395FF2700D97778 /* NewsTableViewCell.xib */ = {isa = PBXFileReference; lastKnownFileType = file.xib; path = NewsTableViewCell.xib; sourceTree = "<group>"; };
		1EDEC3582396137A00D97778 /* SDWebImage.framework */ = {isa = PBXFileReference; lastKnownFileType = wrapper.framework; name = SDWebImage.framework; path = Carthage/Build/iOS/SDWebImage.framework; sourceTree = "<group>"; };
		1EDEC3592396137B00D97778 /* SDWebImageMapKit.framework */ = {isa = PBXFileReference; lastKnownFileType = wrapper.framework; name = SDWebImageMapKit.framework; path = Carthage/Build/iOS/SDWebImageMapKit.framework; sourceTree = "<group>"; };
/* End PBXFileReference section */

/* Begin PBXFrameworksBuildPhase section */
		1EDEC2FF23913EEB00D97778 /* Frameworks */ = {
			isa = PBXFrameworksBuildPhase;
			buildActionMask = 2147483647;
			files = (
				1EDEC35C2396137B00D97778 /* SDWebImageMapKit.framework in Frameworks */,
				1EDEC35A2396137B00D97778 /* SDWebImage.framework in Frameworks */,
			);
			runOnlyForDeploymentPostprocessing = 0;
		};
		1EDEC31523913EEF00D97778 /* Frameworks */ = {
			isa = PBXFrameworksBuildPhase;
			buildActionMask = 2147483647;
			files = (
			);
			runOnlyForDeploymentPostprocessing = 0;
		};
		1EDEC32023913EEF00D97778 /* Frameworks */ = {
			isa = PBXFrameworksBuildPhase;
			buildActionMask = 2147483647;
			files = (
			);
			runOnlyForDeploymentPostprocessing = 0;
		};
/* End PBXFrameworksBuildPhase section */

/* Begin PBXGroup section */
		1EDEC2F923913EEB00D97778 = {
			isa = PBXGroup;
			children = (
				1EDEC30423913EEB00D97778 /* NostraNewsAPI */,
				1EDEC31B23913EEF00D97778 /* NostraNewsAPITests */,
				1EDEC32623913EEF00D97778 /* NostraNewsAPIUITests */,
				1EDEC30323913EEB00D97778 /* Products */,
				1EDEC3572396137A00D97778 /* Frameworks */,
			);
			sourceTree = "<group>";
		};
		1EDEC30323913EEB00D97778 /* Products */ = {
			isa = PBXGroup;
			children = (
				1EDEC30223913EEB00D97778 /* NostraNewsAPI.app */,
				1EDEC31823913EEF00D97778 /* NostraNewsAPITests.xctest */,
				1EDEC32323913EEF00D97778 /* NostraNewsAPIUITests.xctest */,
			);
			name = Products;
			sourceTree = "<group>";
		};
		1EDEC30423913EEB00D97778 /* NostraNewsAPI */ = {
			isa = PBXGroup;
			children = (
				1EDEC33723913F7F00D97778 /* Extensions */,
				1EDEC33623913F7800D97778 /* Commons */,
				1EDEC3452395230F00D97778 /* Models */,
				1EDEC33523913F6B00D97778 /* Modules */,
				1EDEC30523913EEB00D97778 /* AppDelegate.swift */,
				1EDEC30723913EEB00D97778 /* SceneDelegate.swift */,
				1EDEC30E23913EEF00D97778 /* Assets.xcassets */,
				1EDEC31023913EEF00D97778 /* LaunchScreen.storyboard */,
				1EDEC31323913EEF00D97778 /* Info.plist */,
			);
			path = NostraNewsAPI;
			sourceTree = "<group>";
		};
		1EDEC31B23913EEF00D97778 /* NostraNewsAPITests */ = {
			isa = PBXGroup;
			children = (
				1EDEC31C23913EEF00D97778 /* NostraNewsAPITests.swift */,
				1EDEC31E23913EEF00D97778 /* Info.plist */,
			);
			path = NostraNewsAPITests;
			sourceTree = "<group>";
		};
		1EDEC32623913EEF00D97778 /* NostraNewsAPIUITests */ = {
			isa = PBXGroup;
			children = (
				1EDEC32723913EEF00D97778 /* NostraNewsAPIUITests.swift */,
				1EDEC32923913EEF00D97778 /* Info.plist */,
			);
			path = NostraNewsAPIUITests;
			sourceTree = "<group>";
		};
		1EDEC33523913F6B00D97778 /* Modules */ = {
			isa = PBXGroup;
			children = (
				1EDEC33823913F8F00D97778 /* NewsHome */,
			);
			path = Modules;
			sourceTree = "<group>";
		};
		1EDEC33623913F7800D97778 /* Commons */ = {
			isa = PBXGroup;
			children = (
				1EDEC3422391408400D97778 /* NetworkService.swift */,
			);
			path = Commons;
			sourceTree = "<group>";
		};
		1EDEC33723913F7F00D97778 /* Extensions */ = {
			isa = PBXGroup;
			children = (
			);
			path = Extensions;
			sourceTree = "<group>";
		};
		1EDEC33823913F8F00D97778 /* NewsHome */ = {
			isa = PBXGroup;
			children = (
				1EDEC344239522F900D97778 /* NewsHomeService */,
				1EDEC33F2391404400D97778 /* ViewModels */,
				1EDEC33E2391403B00D97778 /* Views */,
			);
			path = NewsHome;
			sourceTree = "<group>";
		};
		1EDEC33E2391403B00D97778 /* Views */ = {
			isa = PBXGroup;
			children = (
				1EDEC3502395FEF500D97778 /* NewsCell */,
				1EDEC33923913FB400D97778 /* NewsHomeViewController.swift */,
				1EDEC33A23913FB400D97778 /* NewsHomeViewController.xib */,
			);
			path = Views;
			sourceTree = "<group>";
		};
		1EDEC33F2391404400D97778 /* ViewModels */ = {
			isa = PBXGroup;
			children = (
				1EDEC3402391405400D97778 /* NewsHomeViewModel.swift */,
			);
			path = ViewModels;
			sourceTree = "<group>";
		};
		1EDEC344239522F900D97778 /* NewsHomeService */ = {
			isa = PBXGroup;
			children = (
				1EDEC34C2395252900D97778 /* NewsHomeInteractor.swift */,
			);
			path = NewsHomeService;
			sourceTree = "<group>";
		};
		1EDEC3452395230F00D97778 /* Models */ = {
			isa = PBXGroup;
			children = (
				1EDEC3462395232300D97778 /* Articles.swift */,
				1EDEC34A2395243600D97778 /* News.swift */,
				1EDEC34E23953DA300D97778 /* Source.swift */,
			);
			path = Models;
			sourceTree = "<group>";
		};
		1EDEC3502395FEF500D97778 /* NewsCell */ = {
			isa = PBXGroup;
			children = (
				1EDEC3512395FF2700D97778 /* NewsTableViewCell.swift */,
				1EDEC3522395FF2700D97778 /* NewsTableViewCell.xib */,
			);
			path = NewsCell;
			sourceTree = "<group>";
		};
		1EDEC3572396137A00D97778 /* Frameworks */ = {
			isa = PBXGroup;
			children = (
				1EDEC3582396137A00D97778 /* SDWebImage.framework */,
				1EDEC3592396137B00D97778 /* SDWebImageMapKit.framework */,
			);
			name = Frameworks;
			sourceTree = "<group>";
		};
/* End PBXGroup section */

/* Begin PBXNativeTarget section */
		1EDEC30123913EEB00D97778 /* NostraNewsAPI */ = {
			isa = PBXNativeTarget;
			buildConfigurationList = 1EDEC32C23913EEF00D97778 /* Build configuration list for PBXNativeTarget "NostraNewsAPI" */;
			buildPhases = (
				1EDEC2FE23913EEB00D97778 /* Sources */,
				1EDEC2FF23913EEB00D97778 /* Frameworks */,
				1EDEC30023913EEB00D97778 /* Resources */,
				1EDEC35E2396137B00D97778 /* Embed Frameworks */,
				1EDEC35F2396138C00D97778 /* ShellScript */,
			);
			buildRules = (
			);
			dependencies = (
			);
			name = NostraNewsAPI;
			productName = NostraNewsAPI;
			productReference = 1EDEC30223913EEB00D97778 /* NostraNewsAPI.app */;
			productType = "com.apple.product-type.application";
		};
		1EDEC31723913EEF00D97778 /* NostraNewsAPITests */ = {
			isa = PBXNativeTarget;
			buildConfigurationList = 1EDEC32F23913EEF00D97778 /* Build configuration list for PBXNativeTarget "NostraNewsAPITests" */;
			buildPhases = (
				1EDEC31423913EEF00D97778 /* Sources */,
				1EDEC31523913EEF00D97778 /* Frameworks */,
				1EDEC31623913EEF00D97778 /* Resources */,
			);
			buildRules = (
			);
			dependencies = (
				1EDEC31A23913EEF00D97778 /* PBXTargetDependency */,
			);
			name = NostraNewsAPITests;
			productName = NostraNewsAPITests;
			productReference = 1EDEC31823913EEF00D97778 /* NostraNewsAPITests.xctest */;
			productType = "com.apple.product-type.bundle.unit-test";
		};
		1EDEC32223913EEF00D97778 /* NostraNewsAPIUITests */ = {
			isa = PBXNativeTarget;
			buildConfigurationList = 1EDEC33223913EEF00D97778 /* Build configuration list for PBXNativeTarget "NostraNewsAPIUITests" */;
			buildPhases = (
				1EDEC31F23913EEF00D97778 /* Sources */,
				1EDEC32023913EEF00D97778 /* Frameworks */,
				1EDEC32123913EEF00D97778 /* Resources */,
			);
			buildRules = (
			);
			dependencies = (
				1EDEC32523913EEF00D97778 /* PBXTargetDependency */,
			);
			name = NostraNewsAPIUITests;
			productName = NostraNewsAPIUITests;
			productReference = 1EDEC32323913EEF00D97778 /* NostraNewsAPIUITests.xctest */;
			productType = "com.apple.product-type.bundle.ui-testing";
		};
/* End PBXNativeTarget section */

/* Begin PBXProject section */
		1EDEC2FA23913EEB00D97778 /* Project object */ = {
			isa = PBXProject;
			attributes = {
				LastSwiftUpdateCheck = 1120;
				LastUpgradeCheck = 1120;
				ORGANIZATIONNAME = "Engkit Satia Riswara";
				TargetAttributes = {
					1EDEC30123913EEB00D97778 = {
						CreatedOnToolsVersion = 11.2;
					};
					1EDEC31723913EEF00D97778 = {
						CreatedOnToolsVersion = 11.2;
						TestTargetID = 1EDEC30123913EEB00D97778;
					};
					1EDEC32223913EEF00D97778 = {
						CreatedOnToolsVersion = 11.2;
						TestTargetID = 1EDEC30123913EEB00D97778;
					};
				};
			};
			buildConfigurationList = 1EDEC2FD23913EEB00D97778 /* Build configuration list for PBXProject "NostraNewsAPI" */;
			compatibilityVersion = "Xcode 9.3";
			developmentRegion = en;
			hasScannedForEncodings = 0;
			knownRegions = (
				en,
				Base,
			);
			mainGroup = 1EDEC2F923913EEB00D97778;
			productRefGroup = 1EDEC30323913EEB00D97778 /* Products */;
			projectDirPath = "";
			projectRoot = "";
			targets = (
				1EDEC30123913EEB00D97778 /* NostraNewsAPI */,
				1EDEC31723913EEF00D97778 /* NostraNewsAPITests */,
				1EDEC32223913EEF00D97778 /* NostraNewsAPIUITests */,
			);
		};
/* End PBXProject section */

/* Begin PBXResourcesBuildPhase section */
		1EDEC30023913EEB00D97778 /* Resources */ = {
			isa = PBXResourcesBuildPhase;
			buildActionMask = 2147483647;
			files = (
				1EDEC31223913EEF00D97778 /* LaunchScreen.storyboard in Resources */,
				1EDEC30F23913EEF00D97778 /* Assets.xcassets in Resources */,
				1EDEC3542395FF2700D97778 /* NewsTableViewCell.xib in Resources */,
				1EDEC33C23913FB400D97778 /* NewsHomeViewController.xib in Resources */,
			);
			runOnlyForDeploymentPostprocessing = 0;
		};
		1EDEC31623913EEF00D97778 /* Resources */ = {
			isa = PBXResourcesBuildPhase;
			buildActionMask = 2147483647;
			files = (
			);
			runOnlyForDeploymentPostprocessing = 0;
		};
		1EDEC32123913EEF00D97778 /* Resources */ = {
			isa = PBXResourcesBuildPhase;
			buildActionMask = 2147483647;
			files = (
			);
			runOnlyForDeploymentPostprocessing = 0;
		};
/* End PBXResourcesBuildPhase section */

/* Begin PBXShellScriptBuildPhase section */
		1EDEC35F2396138C00D97778 /* ShellScript */ = {
			isa = PBXShellScriptBuildPhase;
			buildActionMask = 2147483647;
			files = (
			);
			inputFileListPaths = (
			);
			inputPaths = (
				"$(SRCROOT)/Carthage/Build/iOS/SDWebImage.framework",
				"$(SRCROOT)/Carthage/Build/iOS/SDWebImageMapKit.framework",
			);
			outputFileListPaths = (
			);
			outputPaths = (
			);
			runOnlyForDeploymentPostprocessing = 0;
			shellPath = /bin/sh;
			shellScript = "/usr/local/bin/carthage copy-frameworks\n";
		};
/* End PBXShellScriptBuildPhase section */

/* Begin PBXSourcesBuildPhase section */
		1EDEC2FE23913EEB00D97778 /* Sources */ = {
			isa = PBXSourcesBuildPhase;
			buildActionMask = 2147483647;
			files = (
				1EDEC3472395232300D97778 /* Articles.swift in Sources */,
				1EDEC33B23913FB400D97778 /* NewsHomeViewController.swift in Sources */,
				1EDEC3532395FF2700D97778 /* NewsTableViewCell.swift in Sources */,
				1EDEC34B2395243600D97778 /* News.swift in Sources */,
				1EDEC3412391405400D97778 /* NewsHomeViewModel.swift in Sources */,
				1EDEC34D2395252900D97778 /* NewsHomeInteractor.swift in Sources */,
				1EDEC34F23953DA300D97778 /* Source.swift in Sources */,
				1EDEC30623913EEB00D97778 /* AppDelegate.swift in Sources */,
				1EDEC3432391408400D97778 /* NetworkService.swift in Sources */,
				1EDEC30823913EEB00D97778 /* SceneDelegate.swift in Sources */,
			);
			runOnlyForDeploymentPostprocessing = 0;
		};
		1EDEC31423913EEF00D97778 /* Sources */ = {
			isa = PBXSourcesBuildPhase;
			buildActionMask = 2147483647;
			files = (
				1EDEC31D23913EEF00D97778 /* NostraNewsAPITests.swift in Sources */,
			);
			runOnlyForDeploymentPostprocessing = 0;
		};
		1EDEC31F23913EEF00D97778 /* Sources */ = {
			isa = PBXSourcesBuildPhase;
			buildActionMask = 2147483647;
			files = (
				1EDEC32823913EEF00D97778 /* NostraNewsAPIUITests.swift in Sources */,
			);
			runOnlyForDeploymentPostprocessing = 0;
		};
/* End PBXSourcesBuildPhase section */

/* Begin PBXTargetDependency section */
		1EDEC31A23913EEF00D97778 /* PBXTargetDependency */ = {
			isa = PBXTargetDependency;
			target = 1EDEC30123913EEB00D97778 /* NostraNewsAPI */;
			targetProxy = 1EDEC31923913EEF00D97778 /* PBXContainerItemProxy */;
		};
		1EDEC32523913EEF00D97778 /* PBXTargetDependency */ = {
			isa = PBXTargetDependency;
			target = 1EDEC30123913EEB00D97778 /* NostraNewsAPI */;
			targetProxy = 1EDEC32423913EEF00D97778 /* PBXContainerItemProxy */;
		};
/* End PBXTargetDependency section */

/* Begin PBXVariantGroup section */
		1EDEC31023913EEF00D97778 /* LaunchScreen.storyboard */ = {
			isa = PBXVariantGroup;
			children = (
				1EDEC31123913EEF00D97778 /* Base */,
			);
			name = LaunchScreen.storyboard;
			sourceTree = "<group>";
		};
/* End PBXVariantGroup section */

/* Begin XCBuildConfiguration section */
		1EDEC32A23913EEF00D97778 /* Debug */ = {
			isa = XCBuildConfiguration;
			buildSettings = {
				ALWAYS_SEARCH_USER_PATHS = NO;
				CLANG_ANALYZER_NONNULL = YES;
				CLANG_ANALYZER_NUMBER_OBJECT_CONVERSION = YES_AGGRESSIVE;
				CLANG_CXX_LANGUAGE_STANDARD = "gnu++14";
				CLANG_CXX_LIBRARY = "libc++";
				CLANG_ENABLE_MODULES = YES;
				CLANG_ENABLE_OBJC_ARC = YES;
				CLANG_ENABLE_OBJC_WEAK = YES;
				CLANG_WARN_BLOCK_CAPTURE_AUTORELEASING = YES;
				CLANG_WARN_BOOL_CONVERSION = YES;
				CLANG_WARN_COMMA = YES;
				CLANG_WARN_CONSTANT_CONVERSION = YES;
				CLANG_WARN_DEPRECATED_OBJC_IMPLEMENTATIONS = YES;
				CLANG_WARN_DIRECT_OBJC_ISA_USAGE = YES_ERROR;
				CLANG_WARN_DOCUMENTATION_COMMENTS = YES;
				CLANG_WARN_EMPTY_BODY = YES;
				CLANG_WARN_ENUM_CONVERSION = YES;
				CLANG_WARN_INFINITE_RECURSION = YES;
				CLANG_WARN_INT_CONVERSION = YES;
				CLANG_WARN_NON_LITERAL_NULL_CONVERSION = YES;
				CLANG_WARN_OBJC_IMPLICIT_RETAIN_SELF = YES;
				CLANG_WARN_OBJC_LITERAL_CONVERSION = YES;
				CLANG_WARN_OBJC_ROOT_CLASS = YES_ERROR;
				CLANG_WARN_RANGE_LOOP_ANALYSIS = YES;
				CLANG_WARN_STRICT_PROTOTYPES = YES;
				CLANG_WARN_SUSPICIOUS_MOVE = YES;
				CLANG_WARN_UNGUARDED_AVAILABILITY = YES_AGGRESSIVE;
				CLANG_WARN_UNREACHABLE_CODE = YES;
				CLANG_WARN__DUPLICATE_METHOD_MATCH = YES;
				COPY_PHASE_STRIP = NO;
				DEBUG_INFORMATION_FORMAT = dwarf;
				ENABLE_STRICT_OBJC_MSGSEND = YES;
				ENABLE_TESTABILITY = YES;
				GCC_C_LANGUAGE_STANDARD = gnu11;
				GCC_DYNAMIC_NO_PIC = NO;
				GCC_NO_COMMON_BLOCKS = YES;
				GCC_OPTIMIZATION_LEVEL = 0;
				GCC_PREPROCESSOR_DEFINITIONS = (
					"DEBUG=1",
					"$(inherited)",
				);
				GCC_WARN_64_TO_32_BIT_CONVERSION = YES;
				GCC_WARN_ABOUT_RETURN_TYPE = YES_ERROR;
				GCC_WARN_UNDECLARED_SELECTOR = YES;
				GCC_WARN_UNINITIALIZED_AUTOS = YES_AGGRESSIVE;
				GCC_WARN_UNUSED_FUNCTION = YES;
				GCC_WARN_UNUSED_VARIABLE = YES;
				IPHONEOS_DEPLOYMENT_TARGET = 13.2;
				MTL_ENABLE_DEBUG_INFO = INCLUDE_SOURCE;
				MTL_FAST_MATH = YES;
				ONLY_ACTIVE_ARCH = YES;
				SDKROOT = iphoneos;
				SWIFT_ACTIVE_COMPILATION_CONDITIONS = DEBUG;
				SWIFT_OPTIMIZATION_LEVEL = "-Onone";
			};
			name = Debug;
		};
		1EDEC32B23913EEF00D97778 /* Release */ = {
			isa = XCBuildConfiguration;
			buildSettings = {
				ALWAYS_SEARCH_USER_PATHS = NO;
				CLANG_ANALYZER_NONNULL = YES;
				CLANG_ANALYZER_NUMBER_OBJECT_CONVERSION = YES_AGGRESSIVE;
				CLANG_CXX_LANGUAGE_STANDARD = "gnu++14";
				CLANG_CXX_LIBRARY = "libc++";
				CLANG_ENABLE_MODULES = YES;
				CLANG_ENABLE_OBJC_ARC = YES;
				CLANG_ENABLE_OBJC_WEAK = YES;
				CLANG_WARN_BLOCK_CAPTURE_AUTORELEASING = YES;
				CLANG_WARN_BOOL_CONVERSION = YES;
				CLANG_WARN_COMMA = YES;
				CLANG_WARN_CONSTANT_CONVERSION = YES;
				CLANG_WARN_DEPRECATED_OBJC_IMPLEMENTATIONS = YES;
				CLANG_WARN_DIRECT_OBJC_ISA_USAGE = YES_ERROR;
				CLANG_WARN_DOCUMENTATION_COMMENTS = YES;
				CLANG_WARN_EMPTY_BODY = YES;
				CLANG_WARN_ENUM_CONVERSION = YES;
				CLANG_WARN_INFINITE_RECURSION = YES;
				CLANG_WARN_INT_CONVERSION = YES;
				CLANG_WARN_NON_LITERAL_NULL_CONVERSION = YES;
				CLANG_WARN_OBJC_IMPLICIT_RETAIN_SELF = YES;
				CLANG_WARN_OBJC_LITERAL_CONVERSION = YES;
				CLANG_WARN_OBJC_ROOT_CLASS = YES_ERROR;
				CLANG_WARN_RANGE_LOOP_ANALYSIS = YES;
				CLANG_WARN_STRICT_PROTOTYPES = YES;
				CLANG_WARN_SUSPICIOUS_MOVE = YES;
				CLANG_WARN_UNGUARDED_AVAILABILITY = YES_AGGRESSIVE;
				CLANG_WARN_UNREACHABLE_CODE = YES;
				CLANG_WARN__DUPLICATE_METHOD_MATCH = YES;
				COPY_PHASE_STRIP = NO;
				DEBUG_INFORMATION_FORMAT = "dwarf-with-dsym";
				ENABLE_NS_ASSERTIONS = NO;
				ENABLE_STRICT_OBJC_MSGSEND = YES;
				GCC_C_LANGUAGE_STANDARD = gnu11;
				GCC_NO_COMMON_BLOCKS = YES;
				GCC_WARN_64_TO_32_BIT_CONVERSION = YES;
				GCC_WARN_ABOUT_RETURN_TYPE = YES_ERROR;
				GCC_WARN_UNDECLARED_SELECTOR = YES;
				GCC_WARN_UNINITIALIZED_AUTOS = YES_AGGRESSIVE;
				GCC_WARN_UNUSED_FUNCTION = YES;
				GCC_WARN_UNUSED_VARIABLE = YES;
				IPHONEOS_DEPLOYMENT_TARGET = 13.2;
				MTL_ENABLE_DEBUG_INFO = NO;
				MTL_FAST_MATH = YES;
				SDKROOT = iphoneos;
				SWIFT_COMPILATION_MODE = wholemodule;
				SWIFT_OPTIMIZATION_LEVEL = "-O";
				VALIDATE_PRODUCT = YES;
			};
			name = Release;
		};
		1EDEC32D23913EEF00D97778 /* Debug */ = {
			isa = XCBuildConfiguration;
			buildSettings = {
				ASSETCATALOG_COMPILER_APPICON_NAME = AppIcon;
				CODE_SIGN_STYLE = Automatic;
				FRAMEWORK_SEARCH_PATHS = (
					"$(inherited)",
					"$(PROJECT_DIR)/Carthage/Build/iOS",
				);
				INFOPLIST_FILE = NostraNewsAPI/Info.plist;
				LD_RUNPATH_SEARCH_PATHS = (
					"$(inherited)",
					"@executable_path/Frameworks",
				);
				PRODUCT_BUNDLE_IDENTIFIER = com.engkit.NostraNewsAPI;
				PRODUCT_NAME = "$(TARGET_NAME)";
				SWIFT_VERSION = 5.0;
				TARGETED_DEVICE_FAMILY = "1,2";
			};
			name = Debug;
		};
		1EDEC32E23913EEF00D97778 /* Release */ = {
			isa = XCBuildConfiguration;
			buildSettings = {
				ASSETCATALOG_COMPILER_APPICON_NAME = AppIcon;
				CODE_SIGN_STYLE = Automatic;
				FRAMEWORK_SEARCH_PATHS = (
					"$(inherited)",
					"$(PROJECT_DIR)/Carthage/Build/iOS",
				);
				INFOPLIST_FILE = NostraNewsAPI/Info.plist;
				LD_RUNPATH_SEARCH_PATHS = (
					"$(inherited)",
					"@executable_path/Frameworks",
				);
				PRODUCT_BUNDLE_IDENTIFIER = com.engkit.NostraNewsAPI;
				PRODUCT_NAME = "$(TARGET_NAME)";
				SWIFT_VERSION = 5.0;
				TARGETED_DEVICE_FAMILY = "1,2";
			};
			name = Release;
		};
		1EDEC33023913EEF00D97778 /* Debug */ = {
			isa = XCBuildConfiguration;
			buildSettings = {
				ALWAYS_EMBED_SWIFT_STANDARD_LIBRARIES = YES;
				BUNDLE_LOADER = "$(TEST_HOST)";
				CODE_SIGN_STYLE = Automatic;
				INFOPLIST_FILE = NostraNewsAPITests/Info.plist;
				IPHONEOS_DEPLOYMENT_TARGET = 13.2;
				LD_RUNPATH_SEARCH_PATHS = (
					"$(inherited)",
					"@executable_path/Frameworks",
					"@loader_path/Frameworks",
				);
				PRODUCT_BUNDLE_IDENTIFIER = com.engkit.NostraNewsAPITests;
				PRODUCT_NAME = "$(TARGET_NAME)";
				SWIFT_VERSION = 5.0;
				TARGETED_DEVICE_FAMILY = "1,2";
				TEST_HOST = "$(BUILT_PRODUCTS_DIR)/NostraNewsAPI.app/NostraNewsAPI";
			};
			name = Debug;
		};
		1EDEC33123913EEF00D97778 /* Release */ = {
			isa = XCBuildConfiguration;
			buildSettings = {
				ALWAYS_EMBED_SWIFT_STANDARD_LIBRARIES = YES;
				BUNDLE_LOADER = "$(TEST_HOST)";
				CODE_SIGN_STYLE = Automatic;
				INFOPLIST_FILE = NostraNewsAPITests/Info.plist;
				IPHONEOS_DEPLOYMENT_TARGET = 13.2;
				LD_RUNPATH_SEARCH_PATHS = (
					"$(inherited)",
					"@executable_path/Frameworks",
					"@loader_path/Frameworks",
				);
				PRODUCT_BUNDLE_IDENTIFIER = com.engkit.NostraNewsAPITests;
				PRODUCT_NAME = "$(TARGET_NAME)";
				SWIFT_VERSION = 5.0;
				TARGETED_DEVICE_FAMILY = "1,2";
				TEST_HOST = "$(BUILT_PRODUCTS_DIR)/NostraNewsAPI.app/NostraNewsAPI";
			};
			name = Release;
		};
		1EDEC33323913EEF00D97778 /* Debug */ = {
			isa = XCBuildConfiguration;
			buildSettings = {
				ALWAYS_EMBED_SWIFT_STANDARD_LIBRARIES = YES;
				CODE_SIGN_STYLE = Automatic;
				INFOPLIST_FILE = NostraNewsAPIUITests/Info.plist;
				LD_RUNPATH_SEARCH_PATHS = (
					"$(inherited)",
					"@executable_path/Frameworks",
					"@loader_path/Frameworks",
				);
				PRODUCT_BUNDLE_IDENTIFIER = com.engkit.NostraNewsAPIUITests;
				PRODUCT_NAME = "$(TARGET_NAME)";
				SWIFT_VERSION = 5.0;
				TARGETED_DEVICE_FAMILY = "1,2";
				TEST_TARGET_NAME = NostraNewsAPI;
			};
			name = Debug;
		};
		1EDEC33423913EEF00D97778 /* Release */ = {
			isa = XCBuildConfiguration;
			buildSettings = {
				ALWAYS_EMBED_SWIFT_STANDARD_LIBRARIES = YES;
				CODE_SIGN_STYLE = Automatic;
				INFOPLIST_FILE = NostraNewsAPIUITests/Info.plist;
				LD_RUNPATH_SEARCH_PATHS = (
					"$(inherited)",
					"@executable_path/Frameworks",
					"@loader_path/Frameworks",
				);
				PRODUCT_BUNDLE_IDENTIFIER = com.engkit.NostraNewsAPIUITests;
				PRODUCT_NAME = "$(TARGET_NAME)";
				SWIFT_VERSION = 5.0;
				TARGETED_DEVICE_FAMILY = "1,2";
				TEST_TARGET_NAME = NostraNewsAPI;
			};
			name = Release;
		};
/* End XCBuildConfiguration section */

/* Begin XCConfigurationList section */
		1EDEC2FD23913EEB00D97778 /* Build configuration list for PBXProject "NostraNewsAPI" */ = {
			isa = XCConfigurationList;
			buildConfigurations = (
				1EDEC32A23913EEF00D97778 /* Debug */,
				1EDEC32B23913EEF00D97778 /* Release */,
			);
			defaultConfigurationIsVisible = 0;
			defaultConfigurationName = Release;
		};
		1EDEC32C23913EEF00D97778 /* Build configuration list for PBXNativeTarget "NostraNewsAPI" */ = {
			isa = XCConfigurationList;
			buildConfigurations = (
				1EDEC32D23913EEF00D97778 /* Debug */,
				1EDEC32E23913EEF00D97778 /* Release */,
			);
			defaultConfigurationIsVisible = 0;
			defaultConfigurationName = Release;
		};
		1EDEC32F23913EEF00D97778 /* Build configuration list for PBXNativeTarget "NostraNewsAPITests" */ = {
			isa = XCConfigurationList;
			buildConfigurations = (
				1EDEC33023913EEF00D97778 /* Debug */,
				1EDEC33123913EEF00D97778 /* Release */,
			);
			defaultConfigurationIsVisible = 0;
			defaultConfigurationName = Release;
		};
		1EDEC33223913EEF00D97778 /* Build configuration list for PBXNativeTarget "NostraNewsAPIUITests" */ = {
			isa = XCConfigurationList;
			buildConfigurations = (
				1EDEC33323913EEF00D97778 /* Debug */,
				1EDEC33423913EEF00D97778 /* Release */,
			);
			defaultConfigurationIsVisible = 0;
			defaultConfigurationName = Release;
		};
/* End XCConfigurationList section */
	};
	rootObject = 1EDEC2FA23913EEB00D97778 /* Project object */;
}
